
Microsoft Visual Studio Solution File, Format Version 12.00
# Visual Studio Version 16
VisualStudioVersion = 16.0.31729.503
MinimumVisualStudioVersion = 10.0.40219.1
Project("{FAE04EC0-301F-11D3-BF4B-00C04F79EFBC}") = "storeAPI", "storeAPI\storeAPI.csproj", "{31194C73-B820-4AD0-9209-65C622951A98}"
EndProject
Global
	GlobalSection(SolutionConfigurationPlatforms) = preSolution
		Debug|Any CPU = Debug|Any CPU
		Release|Any CPU = Release|Any CPU
	EndGlobalSection
	GlobalSection(ProjectConfigurationPlatforms) = postSolution
		{31194C73-B820-4AD0-9209-65C622951A98}.Debug|Any CPU.ActiveCfg = Debug|Any CPU
		{31194C73-B820-4AD0-9209-65C622951A98}.Debug|Any CPU.Build.0 = Debug|Any CPU
		{31194C73-B820-4AD0-9209-65C622951A98}.Release|Any CPU.ActiveCfg = Release|Any CPU
		{31194C73-B820-4AD0-9209-65C622951A98}.Release|Any CPU.Build.0 = Release|Any CPU
	EndGlobalSection
	GlobalSection(SolutionProperties) = preSolution
		HideSolutionNode = FALSE
	EndGlobalSection
	GlobalSection(ExtensibilityGlobals) = postSolution
		SolutionGuid = {A210838D-ED51-4B2D-8A3E-5AB90A6DE5F5}
	EndGlobalSection
EndGlobal
